# THIS IS AN AUTOGENERATED FILE. DO NOT EDIT THIS FILE DIRECTLY.
# yarn lockfile v1


yarn-lockfile@^1.0.0:
  version "1.0.0"
  resolved "https://registry.yarnpkg.com/yarn-lockfile/-/yarn-lockfile-1.0.0.tgz#5ed25dbee6614ac269a2d3520ce77f821a1aef27"
  dependencies:
    yarn "*"

yarn@*:
  version "0.28.4"
  resolved "https://registry.yarnpkg.com/yarn/-/yarn-0.28.4.tgz#fbc3076f6e80f716a86974a259f5b8d55a7eee20"
